
Microsoft Visual Studio Solution File, Format Version 12.00
# Visual Studio Version 17
VisualStudioVersion = 17.13.35828.75 d17.13
MinimumVisualStudioVersion = 10.0.40219.1
Project("{FAE04EC0-301F-11D3-BF4B-00C04F79EFBC}") = "Conversion de dolar a pesos mexicanos", "Conversion de dolar a pesos mexicanos.csproj", "{AD32C5B0-0101-4950-A6AC-85C92B283E55}"
EndProject
Global
	GlobalSection(SolutionConfigurationPlatforms) = preSolution
		Debug|Any CPU = Debug|Any CPU
		Release|Any CPU = Release|Any CPU
	EndGlobalSection
	GlobalSection(ProjectConfigurationPlatforms) = postSolution
		{AD32C5B0-0101-4950-A6AC-85C92B283E55}.Debug|Any CPU.ActiveCfg = Debug|Any CPU
		{AD32C5B0-0101-4950-A6AC-85C92B283E55}.Debug|Any CPU.Build.0 = Debug|Any CPU
		{AD32C5B0-0101-4950-A6AC-85C92B283E55}.Release|Any CPU.ActiveCfg = Release|Any CPU
		{AD32C5B0-0101-4950-A6AC-85C92B283E55}.Release|Any CPU.Build.0 = Release|Any CPU
	EndGlobalSection
	GlobalSection(SolutionProperties) = preSolution
		HideSolutionNode = FALSE
	EndGlobalSection
	GlobalSection(ExtensibilityGlobals) = postSolution
		SolutionGuid = {293A9BCD-E3A0-4212-92E3-BD6E2DA81D17}
	EndGlobalSection
EndGlobal
